
Microsoft Visual Studio Solution File, Format Version 12.00
# Visual Studio 15
VisualStudioVersion = 15.0.28307.168
MinimumVisualStudioVersion = 10.0.40219.1
Project("{FAE04EC0-301F-11D3-BF4B-00C04F79EFBC}") = "Crawler", "Crawler\Crawler.csproj", "{062A6BEE-6A0B-4EF1-AE05-5A59C6D33F90}"
EndProject
Project("{FAE04EC0-301F-11D3-BF4B-00C04F79EFBC}") = "MainProcess", "MainProcess\MainProcess.csproj", "{0CE1F6E9-622D-48C4-9922-3C9905E3521A}"
EndProject
Global
	GlobalSection(SolutionConfigurationPlatforms) = preSolution
		Debug|Any CPU = Debug|Any CPU
		Release|Any CPU = Release|Any CPU
	EndGlobalSection
	GlobalSection(ProjectConfigurationPlatforms) = postSolution
		{062A6BEE-6A0B-4EF1-AE05-5A59C6D33F90}.Debug|Any CPU.ActiveCfg = Debug|Any CPU
		{062A6BEE-6A0B-4EF1-AE05-5A59C6D33F90}.Debug|Any CPU.Build.0 = Debug|Any CPU
		{062A6BEE-6A0B-4EF1-AE05-5A59C6D33F90}.Release|Any CPU.ActiveCfg = Release|Any CPU
		{062A6BEE-6A0B-4EF1-AE05-5A59C6D33F90}.Release|Any CPU.Build.0 = Release|Any CPU
		{0CE1F6E9-622D-48C4-9922-3C9905E3521A}.Debug|Any CPU.ActiveCfg = Debug|Any CPU
		{0CE1F6E9-622D-48C4-9922-3C9905E3521A}.Debug|Any CPU.Build.0 = Debug|Any CPU
		{0CE1F6E9-622D-48C4-9922-3C9905E3521A}.Release|Any CPU.ActiveCfg = Release|Any CPU
		{0CE1F6E9-622D-48C4-9922-3C9905E3521A}.Release|Any CPU.Build.0 = Release|Any CPU
	EndGlobalSection
	GlobalSection(SolutionProperties) = preSolution
		HideSolutionNode = FALSE
	EndGlobalSection
	GlobalSection(ExtensibilityGlobals) = postSolution
		SolutionGuid = {7F08CF55-AB7C-411E-B7E8-199BF0E4C311}
	EndGlobalSection
EndGlobal
